
Microsoft Visual Studio Solution File, Format Version 12.00
# Visual Studio Version 16
VisualStudioVersion = 16.0.29326.143
MinimumVisualStudioVersion = 10.0.40219.1
Project("{8BC9CEB8-8B4A-11D0-8D11-00A0C91BC942}") = "scan_for_fun", "scan_for_fun\scan_for_fun.vcxproj", "{C4AAC5D4-7433-4566-B629-019B1EF62B88}"
EndProject
Global
	GlobalSection(SolutionConfigurationPlatforms) = preSolution
		Debug|x64 = Debug|x64
		Release|x64 = Release|x64
	EndGlobalSection
	GlobalSection(ProjectConfigurationPlatforms) = postSolution
		{C4AAC5D4-7433-4566-B629-019B1EF62B88}.Debug|x64.ActiveCfg = Debug|x64
		{C4AAC5D4-7433-4566-B629-019B1EF62B88}.Debug|x64.Build.0 = Debug|x64
		{C4AAC5D4-7433-4566-B629-019B1EF62B88}.Release|x64.ActiveCfg = Release|x64
		{C4AAC5D4-7433-4566-B629-019B1EF62B88}.Release|x64.Build.0 = Release|x64
	EndGlobalSection
	GlobalSection(SolutionProperties) = preSolution
		HideSolutionNode = FALSE
	EndGlobalSection
	GlobalSection(ExtensibilityGlobals) = postSolution
		SolutionGuid = {5522954B-E288-4D2F-A8FE-292147097222}
	EndGlobalSection
EndGlobal
